// !$*UTF8*$!
{
	archiveVersion = 1;
	classes = {
	};
	objectVersion = 54;
	objects = {

/* Begin PBXBuildFile section */
		00E356F31AD99517003FC87E /* circleiqTests.m in Sources */ = {isa = PBXBuildFile; fileRef = 00E356F21AD99517003FC87E /* circleiqTests.m */; };
		13B07FBC1A68108700A75B9A /* AppDelegate.m in Sources */ = {isa = PBXBuildFile; fileRef = 13B07FB01A68108700A75B9A /* AppDelegate.m */; };
		13B07FBF1A68108700A75B9A /* Images.xcassets in Resources */ = {isa = PBXBuildFile; fileRef = 13B07FB51A68108700A75B9A /* Images.xcassets */; };
		13B07FC11A68108700A75B9A /* main.m in Sources */ = {isa = PBXBuildFile; fileRef = 13B07FB71A68108700A75B9A /* main.m */; };
		1409642E536B4240861389F8 /* Roboto-Light.ttf in Resources */ = {isa = PBXBuildFile; fileRef = 590BF37AF788443FAD388A19 /* Roboto-Light.ttf */; };
		15257A7106054D92AFB3589A /* DejaVuSansCondensed.ttf in Resources */ = {isa = PBXBuildFile; fileRef = 2BCD15BAE7844624A20D248C /* DejaVuSansCondensed.ttf */; };
		1CD1B3D2B59D4B728A1B11A3 /* Roboto-BoldItalic.ttf in Resources */ = {isa = PBXBuildFile; fileRef = ADCAB7C537ED45FB8C4910D8 /* Roboto-BoldItalic.ttf */; };
		2188A12F41FA49A0A5AFCEAC /* Roboto-LightItalic.ttf in Resources */ = {isa = PBXBuildFile; fileRef = C82D460E24CE447B8385F238 /* Roboto-LightItalic.ttf */; };
		25E57F7FC5944620B6DD19A7 /* Roboto-Regular.ttf in Resources */ = {isa = PBXBuildFile; fileRef = F4D77BFD9B114CB4BEC3C49F /* Roboto-Regular.ttf */; };
		2C83C6AF0B2A429FA81EFA90 /* DejaVuSans-ExtraLight.ttf in Resources */ = {isa = PBXBuildFile; fileRef = 49B914A2BE6846D1961FD732 /* DejaVuSans-ExtraLight.ttf */; };
		3BD28B145CC5494AA18E7A77 /* DejaVuSansCondensed-BoldOblique.ttf in Resources */ = {isa = PBXBuildFile; fileRef = E902795EEFC94847967987AA /* DejaVuSansCondensed-BoldOblique.ttf */; };
		3F767B2BA96A8AD02C9E6332 /* libPods-circleiq-circleiqTests.a in Frameworks */ = {isa = PBXBuildFile; fileRef = DB596D4DF02160049F3FF2C5 /* libPods-circleiq-circleiqTests.a */; };
		67680045A0534F458F21F71D /* Roboto-ThinItalic.ttf in Resources */ = {isa = PBXBuildFile; fileRef = CFB84B2367D6489EA5098A88 /* Roboto-ThinItalic.ttf */; };
		79F3D8C5875C414AA9208EAA /* Roboto-Thin.ttf in Resources */ = {isa = PBXBuildFile; fileRef = C131087AB3064B7B895E7E5F /* Roboto-Thin.ttf */; };
		7A46A00F138642EE9B305010 /* Roboto-Medium.ttf in Resources */ = {isa = PBXBuildFile; fileRef = C90DFE124FD64A82BB7B08DA /* Roboto-Medium.ttf */; };
		81A835DD88694DD8B728F3E0 /* Roboto-Italic.ttf in Resources */ = {isa = PBXBuildFile; fileRef = F5C3C746EA874494B477757D /* Roboto-Italic.ttf */; };
		81AB9BB82411601600AC10FF /* LaunchScreen.storyboard in Resources */ = {isa = PBXBuildFile; fileRef = 81AB9BB72411601600AC10FF /* LaunchScreen.storyboard */; };
		8B364AEFE1E845A2A2BD2775 /* DejaVuSansCondensed-Oblique.ttf in Resources */ = {isa = PBXBuildFile; fileRef = 92909EB59F23486195455B15 /* DejaVuSansCondensed-Oblique.ttf */; };
		908D63B1EE7A42F3A12137C4 /* DejaVuSans-Bold.ttf in Resources */ = {isa = PBXBuildFile; fileRef = 0B6C553623464A54BBD13E78 /* DejaVuSans-Bold.ttf */; };
		9B943CD508078400D9AD50E2 /* libPods-circleiq.a in Frameworks */ = {isa = PBXBuildFile; fileRef = AC8B5F272F8812AEFCB175AE /* libPods-circleiq.a */; };
		A1DB7095F7874DA4A7C5345A /* Roboto-BlackItalic.ttf in Resources */ = {isa = PBXBuildFile; fileRef = D55C5634AC364AE0B777780F /* Roboto-BlackItalic.ttf */; };
		A45707604DDA474682012B3D /* DejaVuSans.ttf in Resources */ = {isa = PBXBuildFile; fileRef = F39B7CDF689A4C31A7D5CBB9 /* DejaVuSans.ttf */; };
		BAE60B791D244BF29A790FE3 /* DejaVuSansCondensed-Bold.ttf in Resources */ = {isa = PBXBuildFile; fileRef = EEAB714613A44249970C6BC5 /* DejaVuSansCondensed-Bold.ttf */; };
		C111B74327398F1500E8AC82 /* Settings.bundle in Resources */ = {isa = PBXBuildFile; fileRef = C111B74227398F1500E8AC82 /* Settings.bundle */; };
		C1F6330127595003000E37DF /* GoogleService-Info.plist in Resources */ = {isa = PBXBuildFile; fileRef = C1F6330027595003000E37DF /* GoogleService-Info.plist */; };
		CCD207A92FBD49A08708AAD4 /* DejaVuSans-Oblique.ttf in Resources */ = {isa = PBXBuildFile; fileRef = D273C1D319EF4E6F998BCCB0 /* DejaVuSans-Oblique.ttf */; };
		E53F9D1CE2A1438997B1F660 /* Roboto-Bold.ttf in Resources */ = {isa = PBXBuildFile; fileRef = 67AC3F53D2754DB9984F05C8 /* Roboto-Bold.ttf */; };
		E7AF31B9A49848AABB1E0B30 /* DejaVuSans-BoldOblique.ttf in Resources */ = {isa = PBXBuildFile; fileRef = C11C9770E26D4331804F7ECD /* DejaVuSans-BoldOblique.ttf */; };
		F39AE48937CF46549ECAC7E1 /* Roboto-MediumItalic.ttf in Resources */ = {isa = PBXBuildFile; fileRef = 40DAC270D44347AFB0F035BA /* Roboto-MediumItalic.ttf */; };
		F6BD62A500A3491D88369C45 /* Roboto-Black.ttf in Resources */ = {isa = PBXBuildFile; fileRef = B098E7D8B0104FEE8F220986 /* Roboto-Black.ttf */; };
/* End PBXBuildFile section */

/* Begin PBXContainerItemProxy section */
		00E356F41AD99517003FC87E /* PBXContainerItemProxy */ = {
			isa = PBXContainerItemProxy;
			containerPortal = 83CBB9F71A601CBA00E9B192 /* Project object */;
			proxyType = 1;
			remoteGlobalIDString = 13B07F861A680F5B00A75B9A;
			remoteInfo = circleiq;
		};
/* End PBXContainerItemProxy section */

/* Begin PBXFileReference section */
		00E356EE1AD99517003FC87E /* circleiqTests.xctest */ = {isa = PBXFileReference; explicitFileType = wrapper.cfbundle; includeInIndex = 0; path = circleiqTests.xctest; sourceTree = BUILT_PRODUCTS_DIR; };
		00E356F11AD99517003FC87E /* Info.plist */ = {isa = PBXFileReference; lastKnownFileType = text.plist.xml; path = Info.plist; sourceTree = "<group>"; };
		00E356F21AD99517003FC87E /* circleiqTests.m */ = {isa = PBXFileReference; lastKnownFileType = sourcecode.c.objc; path = circleiqTests.m; sourceTree = "<group>"; };
		01BF5B1BFED1C3E514725971 /* Pods-circleiq.release.xcconfig */ = {isa = PBXFileReference; includeInIndex = 1; lastKnownFileType = text.xcconfig; name = "Pods-circleiq.release.xcconfig"; path = "Target Support Files/Pods-circleiq/Pods-circleiq.release.xcconfig"; sourceTree = "<group>"; };
		0652CB65F42644C4B8F0E266 /* FontAwesome5_Brands.ttf */ = {isa = PBXFileReference; explicitFileType = undefined; fileEncoding = 9; includeInIndex = 0; lastKnownFileType = unknown; name = FontAwesome5_Brands.ttf; path = "../node_modules/react-native-vector-icons/Fonts/FontAwesome5_Brands.ttf"; sourceTree = "<group>"; };
		06B645D1F66B4A239DDACE33 /* MaterialIcons.ttf */ = {isa = PBXFileReference; explicitFileType = undefined; fileEncoding = 9; includeInIndex = 0; lastKnownFileType = unknown; name = MaterialIcons.ttf; path = "../node_modules/react-native-vector-icons/Fonts/MaterialIcons.ttf"; sourceTree = "<group>"; };
		0B6C553623464A54BBD13E78 /* DejaVuSans-Bold.ttf */ = {isa = PBXFileReference; explicitFileType = undefined; fileEncoding = 9; includeInIndex = 0; lastKnownFileType = unknown; name = "DejaVuSans-Bold.ttf"; path = "../src/assets/fonts/DejaVuSans-Bold.ttf"; sourceTree = "<group>"; };
		13B07F961A680F5B00A75B9A /* circleiq.app */ = {isa = PBXFileReference; explicitFileType = wrapper.application; includeInIndex = 0; path = circleiq.app; sourceTree = BUILT_PRODUCTS_DIR; };
		13B07FAF1A68108700A75B9A /* AppDelegate.h */ = {isa = PBXFileReference; fileEncoding = 4; lastKnownFileType = sourcecode.c.h; name = AppDelegate.h; path = circleiq/AppDelegate.h; sourceTree = "<group>"; };
		13B07FB01A68108700A75B9A /* AppDelegate.m */ = {isa = PBXFileReference; fileEncoding = 4; lastKnownFileType = sourcecode.c.objc; name = AppDelegate.m; path = circleiq/AppDelegate.m; sourceTree = "<group>"; };
		13B07FB51A68108700A75B9A /* Images.xcassets */ = {isa = PBXFileReference; lastKnownFileType = folder.assetcatalog; name = Images.xcassets; path = circleiq/Images.xcassets; sourceTree = "<group>"; };
		13B07FB61A68108700A75B9A /* Info.plist */ = {isa = PBXFileReference; fileEncoding = 4; lastKnownFileType = text.plist.xml; name = Info.plist; path = circleiq/Info.plist; sourceTree = "<group>"; };
		13B07FB71A68108700A75B9A /* main.m */ = {isa = PBXFileReference; fileEncoding = 4; lastKnownFileType = sourcecode.c.objc; name = main.m; path = circleiq/main.m; sourceTree = "<group>"; };
		18682C78D6DE93B9E2912A4A /* Pods-circleiq-circleiqTests.release.xcconfig */ = {isa = PBXFileReference; includeInIndex = 1; lastKnownFileType = text.xcconfig; name = "Pods-circleiq-circleiqTests.release.xcconfig"; path = "Target Support Files/Pods-circleiq-circleiqTests/Pods-circleiq-circleiqTests.release.xcconfig"; sourceTree = "<group>"; };
		1A1D8A1DA6484D8D94EEDE65 /* antfill.ttf */ = {isa = PBXFileReference; explicitFileType = undefined; fileEncoding = 9; includeInIndex = 0; lastKnownFileType = unknown; name = antfill.ttf; path = "../node_modules/@ant-design/icons-react-native/fonts/antfill.ttf"; sourceTree = "<group>"; };
		1DD5B12BFB4640188020DEA8 /* MaterialCommunityIcons.ttf */ = {isa = PBXFileReference; explicitFileType = undefined; fileEncoding = 9; includeInIndex = 0; lastKnownFileType = unknown; name = MaterialCommunityIcons.ttf; path = "../node_modules/react-native-vector-icons/Fonts/MaterialCommunityIcons.ttf"; sourceTree = "<group>"; };
		2BCD15BAE7844624A20D248C /* DejaVuSansCondensed.ttf */ = {isa = PBXFileReference; explicitFileType = undefined; fileEncoding = 9; includeInIndex = 0; lastKnownFileType = unknown; name = DejaVuSansCondensed.ttf; path = ../src/assets/fonts/DejaVuSansCondensed.ttf; sourceTree = "<group>"; };
		3707089140EA441FAFFBDF4E /* AntDesign.ttf */ = {isa = PBXFileReference; explicitFileType = undefined; fileEncoding = 9; includeInIndex = 0; lastKnownFileType = unknown; name = AntDesign.ttf; path = "../node_modules/react-native-vector-icons/Fonts/AntDesign.ttf"; sourceTree = "<group>"; };
		40DAC270D44347AFB0F035BA /* Roboto-MediumItalic.ttf */ = {isa = PBXFileReference; explicitFileType = undefined; fileEncoding = 9; includeInIndex = 0; lastKnownFileType = unknown; name = "Roboto-MediumItalic.ttf"; path = "../src/assets/fonts/Roboto-MediumItalic.ttf"; sourceTree = "<group>"; };
		49B914A2BE6846D1961FD732 /* DejaVuSans-ExtraLight.ttf */ = {isa = PBXFileReference; explicitFileType = undefined; fileEncoding = 9; includeInIndex = 0; lastKnownFileType = unknown; name = "DejaVuSans-ExtraLight.ttf"; path = "../src/assets/fonts/DejaVuSans-ExtraLight.ttf"; sourceTree = "<group>"; };
		4ADE42669A7E5A3830AD3543 /* Pods-circleiq-circleiqTests.debug.xcconfig */ = {isa = PBXFileReference; includeInIndex = 1; lastKnownFileType = text.xcconfig; name = "Pods-circleiq-circleiqTests.debug.xcconfig"; path = "Target Support Files/Pods-circleiq-circleiqTests/Pods-circleiq-circleiqTests.debug.xcconfig"; sourceTree = "<group>"; };
		590BF37AF788443FAD388A19 /* Roboto-Light.ttf */ = {isa = PBXFileReference; explicitFileType = undefined; fileEncoding = 9; includeInIndex = 0; lastKnownFileType = unknown; name = "Roboto-Light.ttf"; path = "../src/assets/fonts/Roboto-Light.ttf"; sourceTree = "<group>"; };
		67AC3F53D2754DB9984F05C8 /* Roboto-Bold.ttf */ = {isa = PBXFileReference; explicitFileType = undefined; fileEncoding = 9; includeInIndex = 0; lastKnownFileType = unknown; name = "Roboto-Bold.ttf"; path = "../src/assets/fonts/Roboto-Bold.ttf"; sourceTree = "<group>"; };
		81AB9BB72411601600AC10FF /* LaunchScreen.storyboard */ = {isa = PBXFileReference; fileEncoding = 4; lastKnownFileType = file.storyboard; name = LaunchScreen.storyboard; path = circleiq/LaunchScreen.storyboard; sourceTree = "<group>"; };
		8B6AEA3AEFA84EE59B958061 /* Feather.ttf */ = {isa = PBXFileReference; explicitFileType = undefined; fileEncoding = 9; includeInIndex = 0; lastKnownFileType = unknown; name = Feather.ttf; path = "../node_modules/react-native-vector-icons/Fonts/Feather.ttf"; sourceTree = "<group>"; };
		8FA31010079E34B33F66FAED /* Pods-circleiq.debug.xcconfig */ = {isa = PBXFileReference; includeInIndex = 1; lastKnownFileType = text.xcconfig; name = "Pods-circleiq.debug.xcconfig"; path = "Target Support Files/Pods-circleiq/Pods-circleiq.debug.xcconfig"; sourceTree = "<group>"; };
		92909EB59F23486195455B15 /* DejaVuSansCondensed-Oblique.ttf */ = {isa = PBXFileReference; explicitFileType = undefined; fileEncoding = 9; includeInIndex = 0; lastKnownFileType = unknown; name = "DejaVuSansCondensed-Oblique.ttf"; path = "../src/assets/fonts/DejaVuSansCondensed-Oblique.ttf"; sourceTree = "<group>"; };
		943627B39D2540CC837A6A87 /* Zocial.ttf */ = {isa = PBXFileReference; explicitFileType = undefined; fileEncoding = 9; includeInIndex = 0; lastKnownFileType = unknown; name = Zocial.ttf; path = "../node_modules/react-native-vector-icons/Fonts/Zocial.ttf"; sourceTree = "<group>"; };
		9785A43DDBDB4B90BA4457EF /* Octicons.ttf */ = {isa = PBXFileReference; explicitFileType = undefined; fileEncoding = 9; includeInIndex = 0; lastKnownFileType = unknown; name = Octicons.ttf; path = "../node_modules/react-native-vector-icons/Fonts/Octicons.ttf"; sourceTree = "<group>"; };
		A5D3DE34345849AC9336C9B0 /* Foundation.ttf */ = {isa = PBXFileReference; explicitFileType = undefined; fileEncoding = 9; includeInIndex = 0; lastKnownFileType = unknown; name = Foundation.ttf; path = "../node_modules/react-native-vector-icons/Fonts/Foundation.ttf"; sourceTree = "<group>"; };
		AC8B5F272F8812AEFCB175AE /* libPods-circleiq.a */ = {isa = PBXFileReference; explicitFileType = archive.ar; includeInIndex = 0; path = "libPods-circleiq.a"; sourceTree = BUILT_PRODUCTS_DIR; };
		ADC87ABEA8C0423C89898C37 /* Ionicons.ttf */ = {isa = PBXFileReference; explicitFileType = undefined; fileEncoding = 9; includeInIndex = 0; lastKnownFileType = unknown; name = Ionicons.ttf; path = "../node_modules/react-native-vector-icons/Fonts/Ionicons.ttf"; sourceTree = "<group>"; };
		ADCAB7C537ED45FB8C4910D8 /* Roboto-BoldItalic.ttf */ = {isa = PBXFileReference; explicitFileType = undefined; fileEncoding = 9; includeInIndex = 0; lastKnownFileType = unknown; name = "Roboto-BoldItalic.ttf"; path = "../src/assets/fonts/Roboto-BoldItalic.ttf"; sourceTree = "<group>"; };
		B098E7D8B0104FEE8F220986 /* Roboto-Black.ttf */ = {isa = PBXFileReference; explicitFileType = undefined; fileEncoding = 9; includeInIndex = 0; lastKnownFileType = unknown; name = "Roboto-Black.ttf"; path = "../src/assets/fonts/Roboto-Black.ttf"; sourceTree = "<group>"; };
		B145FC55CF524FC9BD8537C8 /* FontAwesome5_Regular.ttf */ = {isa = PBXFileReference; explicitFileType = undefined; fileEncoding = 9; includeInIndex = 0; lastKnownFileType = unknown; name = FontAwesome5_Regular.ttf; path = "../node_modules/react-native-vector-icons/Fonts/FontAwesome5_Regular.ttf"; sourceTree = "<group>"; };
		BA3419C3763D4926935184E4 /* Fontisto.ttf */ = {isa = PBXFileReference; explicitFileType = undefined; fileEncoding = 9; includeInIndex = 0; lastKnownFileType = unknown; name = Fontisto.ttf; path = "../node_modules/react-native-vector-icons/Fonts/Fontisto.ttf"; sourceTree = "<group>"; };
		BBE6CCCC692A4066BDB342A2 /* SimpleLineIcons.ttf */ = {isa = PBXFileReference; explicitFileType = undefined; fileEncoding = 9; includeInIndex = 0; lastKnownFileType = unknown; name = SimpleLineIcons.ttf; path = "../node_modules/react-native-vector-icons/Fonts/SimpleLineIcons.ttf"; sourceTree = "<group>"; };
		C111B74227398F1500E8AC82 /* Settings.bundle */ = {isa = PBXFileReference; lastKnownFileType = "wrapper.plug-in"; path = Settings.bundle; sourceTree = "<group>"; };
		C11C9770E26D4331804F7ECD /* DejaVuSans-BoldOblique.ttf */ = {isa = PBXFileReference; explicitFileType = undefined; fileEncoding = 9; includeInIndex = 0; lastKnownFileType = unknown; name = "DejaVuSans-BoldOblique.ttf"; path = "../src/assets/fonts/DejaVuSans-BoldOblique.ttf"; sourceTree = "<group>"; };
		C131087AB3064B7B895E7E5F /* Roboto-Thin.ttf */ = {isa = PBXFileReference; explicitFileType = undefined; fileEncoding = 9; includeInIndex = 0; lastKnownFileType = unknown; name = "Roboto-Thin.ttf"; path = "../src/assets/fonts/Roboto-Thin.ttf"; sourceTree = "<group>"; };
		C1F6330027595003000E37DF /* GoogleService-Info.plist */ = {isa = PBXFileReference; fileEncoding = 4; lastKnownFileType = text.plist.xml; name = "GoogleService-Info.plist"; path = "circleiq/GoogleService-Info.plist"; sourceTree = "<group>"; };
		C82D460E24CE447B8385F238 /* Roboto-LightItalic.ttf */ = {isa = PBXFileReference; explicitFileType = undefined; fileEncoding = 9; includeInIndex = 0; lastKnownFileType = unknown; name = "Roboto-LightItalic.ttf"; path = "../src/assets/fonts/Roboto-LightItalic.ttf"; sourceTree = "<group>"; };
		C90DFE124FD64A82BB7B08DA /* Roboto-Medium.ttf */ = {isa = PBXFileReference; explicitFileType = undefined; fileEncoding = 9; includeInIndex = 0; lastKnownFileType = unknown; name = "Roboto-Medium.ttf"; path = "../src/assets/fonts/Roboto-Medium.ttf"; sourceTree = "<group>"; };
		CC1CA41AB20A48E78B6B1C09 /* antoutline.ttf */ = {isa = PBXFileReference; explicitFileType = undefined; fileEncoding = 9; includeInIndex = 0; lastKnownFileType = unknown; name = antoutline.ttf; path = "../node_modules/@ant-design/icons-react-native/fonts/antoutline.ttf"; sourceTree = "<group>"; };
		CD723503724C4551A1573B48 /* Entypo.ttf */ = {isa = PBXFileReference; explicitFileType = undefined; fileEncoding = 9; includeInIndex = 0; lastKnownFileType = unknown; name = Entypo.ttf; path = "../node_modules/react-native-vector-icons/Fonts/Entypo.ttf"; sourceTree = "<group>"; };
		CE0264E3D2A1458F90F13FF2 /* EvilIcons.ttf */ = {isa = PBXFileReference; explicitFileType = undefined; fileEncoding = 9; includeInIndex = 0; lastKnownFileType = unknown; name = EvilIcons.ttf; path = "../node_modules/react-native-vector-icons/Fonts/EvilIcons.ttf"; sourceTree = "<group>"; };
		CFB84B2367D6489EA5098A88 /* Roboto-ThinItalic.ttf */ = {isa = PBXFileReference; explicitFileType = undefined; fileEncoding = 9; includeInIndex = 0; lastKnownFileType = unknown; name = "Roboto-ThinItalic.ttf"; path = "../src/assets/fonts/Roboto-ThinItalic.ttf"; sourceTree = "<group>"; };
		D273C1D319EF4E6F998BCCB0 /* DejaVuSans-Oblique.ttf */ = {isa = PBXFileReference; explicitFileType = undefined; fileEncoding = 9; includeInIndex = 0; lastKnownFileType = unknown; name = "DejaVuSans-Oblique.ttf"; path = "../src/assets/fonts/DejaVuSans-Oblique.ttf"; sourceTree = "<group>"; };
		D55C5634AC364AE0B777780F /* Roboto-BlackItalic.ttf */ = {isa = PBXFileReference; explicitFileType = undefined; fileEncoding = 9; includeInIndex = 0; lastKnownFileType = unknown; name = "Roboto-BlackItalic.ttf"; path = "../src/assets/fonts/Roboto-BlackItalic.ttf"; sourceTree = "<group>"; };
		DB596D4DF02160049F3FF2C5 /* libPods-circleiq-circleiqTests.a */ = {isa = PBXFileReference; explicitFileType = archive.ar; includeInIndex = 0; path = "libPods-circleiq-circleiqTests.a"; sourceTree = BUILT_PRODUCTS_DIR; };
		E7796A97C45D4EAF83E1E946 /* FontAwesome.ttf */ = {isa = PBXFileReference; explicitFileType = undefined; fileEncoding = 9; includeInIndex = 0; lastKnownFileType = unknown; name = FontAwesome.ttf; path = "../node_modules/react-native-vector-icons/Fonts/FontAwesome.ttf"; sourceTree = "<group>"; };
		E902795EEFC94847967987AA /* DejaVuSansCondensed-BoldOblique.ttf */ = {isa = PBXFileReference; explicitFileType = undefined; fileEncoding = 9; includeInIndex = 0; lastKnownFileType = unknown; name = "DejaVuSansCondensed-BoldOblique.ttf"; path = "../src/assets/fonts/DejaVuSansCondensed-BoldOblique.ttf"; sourceTree = "<group>"; };
		ED297162215061F000B7C4FE /* JavaScriptCore.framework */ = {isa = PBXFileReference; lastKnownFileType = wrapper.framework; name = JavaScriptCore.framework; path = System/Library/Frameworks/JavaScriptCore.framework; sourceTree = SDKROOT; };
		EEAB714613A44249970C6BC5 /* DejaVuSansCondensed-Bold.ttf */ = {isa = PBXFileReference; explicitFileType = undefined; fileEncoding = 9; includeInIndex = 0; lastKnownFileType = unknown; name = "DejaVuSansCondensed-Bold.ttf"; path = "../src/assets/fonts/DejaVuSansCondensed-Bold.ttf"; sourceTree = "<group>"; };
		EEC94AEC976040679970970C /* FontAwesome5_Solid.ttf */ = {isa = PBXFileReference; explicitFileType = undefined; fileEncoding = 9; includeInIndex = 0; lastKnownFileType = unknown; name = FontAwesome5_Solid.ttf; path = "../node_modules/react-native-vector-icons/Fonts/FontAwesome5_Solid.ttf"; sourceTree = "<group>"; };
		F39B7CDF689A4C31A7D5CBB9 /* DejaVuSans.ttf */ = {isa = PBXFileReference; explicitFileType = undefined; fileEncoding = 9; includeInIndex = 0; lastKnownFileType = unknown; name = DejaVuSans.ttf; path = ../src/assets/fonts/DejaVuSans.ttf; sourceTree = "<group>"; };
		F4D77BFD9B114CB4BEC3C49F /* Roboto-Regular.ttf */ = {isa = PBXFileReference; explicitFileType = undefined; fileEncoding = 9; includeInIndex = 0; lastKnownFileType = unknown; name = "Roboto-Regular.ttf"; path = "../src/assets/fonts/Roboto-Regular.ttf"; sourceTree = "<group>"; };
		F5C3C746EA874494B477757D /* Roboto-Italic.ttf */ = {isa = PBXFileReference; explicitFileType = undefined; fileEncoding = 9; includeInIndex = 0; lastKnownFileType = unknown; name = "Roboto-Italic.ttf"; path = "../src/assets/fonts/Roboto-Italic.ttf"; sourceTree = "<group>"; };
/* End PBXFileReference section */

/* Begin PBXFrameworksBuildPhase section */
		00E356EB1AD99517003FC87E /* Frameworks */ = {
			isa = PBXFrameworksBuildPhase;
			buildActionMask = 2147483647;
			files = (
				3F767B2BA96A8AD02C9E6332 /* libPods-circleiq-circleiqTests.a in Frameworks */,
			);
			runOnlyForDeploymentPostprocessing = 0;
		};
		13B07F8C1A680F5B00A75B9A /* Frameworks */ = {
			isa = PBXFrameworksBuildPhase;
			buildActionMask = 2147483647;
			files = (
				9B943CD508078400D9AD50E2 /* libPods-circleiq.a in Frameworks */,
			);
			runOnlyForDeploymentPostprocessing = 0;
		};
/* End PBXFrameworksBuildPhase section */

/* Begin PBXGroup section */
		00E356EF1AD99517003FC87E /* circleiqTests */ = {
			isa = PBXGroup;
			children = (
				00E356F21AD99517003FC87E /* circleiqTests.m */,
				00E356F01AD99517003FC87E /* Supporting Files */,
			);
			path = circleiqTests;
			sourceTree = "<group>";
		};
		00E356F01AD99517003FC87E /* Supporting Files */ = {
			isa = PBXGroup;
			children = (
				00E356F11AD99517003FC87E /* Info.plist */,
			);
			name = "Supporting Files";
			sourceTree = "<group>";
		};
		13B07FAE1A68108700A75B9A /* circleiq */ = {
			isa = PBXGroup;
			children = (
				C1F6330027595003000E37DF /* GoogleService-Info.plist */,
				13B07FAF1A68108700A75B9A /* AppDelegate.h */,
				13B07FB01A68108700A75B9A /* AppDelegate.m */,
				13B07FB51A68108700A75B9A /* Images.xcassets */,
				13B07FB61A68108700A75B9A /* Info.plist */,
				81AB9BB72411601600AC10FF /* LaunchScreen.storyboard */,
				13B07FB71A68108700A75B9A /* main.m */,
			);
			name = circleiq;
			sourceTree = "<group>";
		};
		2D16E6871FA4F8E400B85C8A /* Frameworks */ = {
			isa = PBXGroup;
			children = (
				ED297162215061F000B7C4FE /* JavaScriptCore.framework */,
				AC8B5F272F8812AEFCB175AE /* libPods-circleiq.a */,
				DB596D4DF02160049F3FF2C5 /* libPods-circleiq-circleiqTests.a */,
			);
			name = Frameworks;
			sourceTree = "<group>";
		};
		34629A6AE737BBE0A82CE471 /* Pods */ = {
			isa = PBXGroup;
			children = (
				8FA31010079E34B33F66FAED /* Pods-circleiq.debug.xcconfig */,
				01BF5B1BFED1C3E514725971 /* Pods-circleiq.release.xcconfig */,
				4ADE42669A7E5A3830AD3543 /* Pods-circleiq-circleiqTests.debug.xcconfig */,
				18682C78D6DE93B9E2912A4A /* Pods-circleiq-circleiqTests.release.xcconfig */,
			);
			path = Pods;
			sourceTree = "<group>";
		};
		832341AE1AAA6A7D00B99B32 /* Libraries */ = {
			isa = PBXGroup;
			children = (
			);
			name = Libraries;
			sourceTree = "<group>";
		};
		83CBB9F61A601CBA00E9B192 = {
			isa = PBXGroup;
			children = (
				C111B74227398F1500E8AC82 /* Settings.bundle */,
				13B07FAE1A68108700A75B9A /* circleiq */,
				832341AE1AAA6A7D00B99B32 /* Libraries */,
				00E356EF1AD99517003FC87E /* circleiqTests */,
				83CBBA001A601CBA00E9B192 /* Products */,
				2D16E6871FA4F8E400B85C8A /* Frameworks */,
				34629A6AE737BBE0A82CE471 /* Pods */,
				C34DBCBB079B409796251D45 /* Resources */,
			);
			indentWidth = 2;
			sourceTree = "<group>";
			tabWidth = 2;
			usesTabs = 0;
		};
		83CBBA001A601CBA00E9B192 /* Products */ = {
			isa = PBXGroup;
			children = (
				13B07F961A680F5B00A75B9A /* circleiq.app */,
				00E356EE1AD99517003FC87E /* circleiqTests.xctest */,
			);
			name = Products;
			sourceTree = "<group>";
		};
		C34DBCBB079B409796251D45 /* Resources */ = {
			isa = PBXGroup;
			children = (
				1A1D8A1DA6484D8D94EEDE65 /* antfill.ttf */,
				CC1CA41AB20A48E78B6B1C09 /* antoutline.ttf */,
				3707089140EA441FAFFBDF4E /* AntDesign.ttf */,
				CD723503724C4551A1573B48 /* Entypo.ttf */,
				CE0264E3D2A1458F90F13FF2 /* EvilIcons.ttf */,
				8B6AEA3AEFA84EE59B958061 /* Feather.ttf */,
				E7796A97C45D4EAF83E1E946 /* FontAwesome.ttf */,
				0652CB65F42644C4B8F0E266 /* FontAwesome5_Brands.ttf */,
				B145FC55CF524FC9BD8537C8 /* FontAwesome5_Regular.ttf */,
				EEC94AEC976040679970970C /* FontAwesome5_Solid.ttf */,
				BA3419C3763D4926935184E4 /* Fontisto.ttf */,
				A5D3DE34345849AC9336C9B0 /* Foundation.ttf */,
				ADC87ABEA8C0423C89898C37 /* Ionicons.ttf */,
				1DD5B12BFB4640188020DEA8 /* MaterialCommunityIcons.ttf */,
				06B645D1F66B4A239DDACE33 /* MaterialIcons.ttf */,
				9785A43DDBDB4B90BA4457EF /* Octicons.ttf */,
				BBE6CCCC692A4066BDB342A2 /* SimpleLineIcons.ttf */,
				943627B39D2540CC837A6A87 /* Zocial.ttf */,
				0B6C553623464A54BBD13E78 /* DejaVuSans-Bold.ttf */,
				C11C9770E26D4331804F7ECD /* DejaVuSans-BoldOblique.ttf */,
				49B914A2BE6846D1961FD732 /* DejaVuSans-ExtraLight.ttf */,
				D273C1D319EF4E6F998BCCB0 /* DejaVuSans-Oblique.ttf */,
				F39B7CDF689A4C31A7D5CBB9 /* DejaVuSans.ttf */,
				EEAB714613A44249970C6BC5 /* DejaVuSansCondensed-Bold.ttf */,
				E902795EEFC94847967987AA /* DejaVuSansCondensed-BoldOblique.ttf */,
				92909EB59F23486195455B15 /* DejaVuSansCondensed-Oblique.ttf */,
				2BCD15BAE7844624A20D248C /* DejaVuSansCondensed.ttf */,
				B098E7D8B0104FEE8F220986 /* Roboto-Black.ttf */,
				D55C5634AC364AE0B777780F /* Roboto-BlackItalic.ttf */,
				67AC3F53D2754DB9984F05C8 /* Roboto-Bold.ttf */,
				ADCAB7C537ED45FB8C4910D8 /* Roboto-BoldItalic.ttf */,
				F5C3C746EA874494B477757D /* Roboto-Italic.ttf */,
				590BF37AF788443FAD388A19 /* Roboto-Light.ttf */,
				C82D460E24CE447B8385F238 /* Roboto-LightItalic.ttf */,
				C90DFE124FD64A82BB7B08DA /* Roboto-Medium.ttf */,
				40DAC270D44347AFB0F035BA /* Roboto-MediumItalic.ttf */,
				F4D77BFD9B114CB4BEC3C49F /* Roboto-Regular.ttf */,
				C131087AB3064B7B895E7E5F /* Roboto-Thin.ttf */,
				CFB84B2367D6489EA5098A88 /* Roboto-ThinItalic.ttf */,
			);
			name = Resources;
			sourceTree = "<group>";
		};
/* End PBXGroup section */

/* Begin PBXNativeTarget section */
		00E356ED1AD99517003FC87E /* circleiqTests */ = {
			isa = PBXNativeTarget;
			buildConfigurationList = 00E357021AD99517003FC87E /* Build configuration list for PBXNativeTarget "circleiqTests" */;
			buildPhases = (
				FD3295FB1DBA458C92D77F65 /* [CP] Check Pods Manifest.lock */,
				00E356EA1AD99517003FC87E /* Sources */,
				00E356EB1AD99517003FC87E /* Frameworks */,
				00E356EC1AD99517003FC87E /* Resources */,
				055A2462443507A78804B042 /* [CP] Embed Pods Frameworks */,
				803C8A89E06CB5A4E1AA2724 /* [CP] Copy Pods Resources */,
			);
			buildRules = (
			);
			dependencies = (
				00E356F51AD99517003FC87E /* PBXTargetDependency */,
			);
			name = circleiqTests;
			productName = circleiqTests;
			productReference = 00E356EE1AD99517003FC87E /* circleiqTests.xctest */;
			productType = "com.apple.product-type.bundle.unit-test";
		};
		13B07F861A680F5B00A75B9A /* circleiq */ = {
			isa = PBXNativeTarget;
			buildConfigurationList = 13B07F931A680F5B00A75B9A /* Build configuration list for PBXNativeTarget "circleiq" */;
			buildPhases = (
				DFDFC5AF270600DC9EF2D372 /* [CP] Check Pods Manifest.lock */,
				FD10A7F022414F080027D42C /* Start Packager */,
				13B07F871A680F5B00A75B9A /* Sources */,
				13B07F8C1A680F5B00A75B9A /* Frameworks */,
				13B07F8E1A680F5B00A75B9A /* Resources */,
				00DD1BFF1BD5951E006B06BC /* Bundle React Native code and images */,
				233FCAA44E364100E08D7048 /* [CP] Embed Pods Frameworks */,
				1D3888B8E9181DD6F6D01B3A /* [CP] Copy Pods Resources */,
			);
			buildRules = (
			);
			dependencies = (
			);
			name = circleiq;
			productName = circleiq;
			productReference = 13B07F961A680F5B00A75B9A /* circleiq.app */;
			productType = "com.apple.product-type.application";
		};
/* End PBXNativeTarget section */

/* Begin PBXProject section */
		83CBB9F71A601CBA00E9B192 /* Project object */ = {
			isa = PBXProject;
			attributes = {
				LastUpgradeCheck = 1210;
				TargetAttributes = {
					00E356ED1AD99517003FC87E = {
						CreatedOnToolsVersion = 6.2;
						TestTargetID = 13B07F861A680F5B00A75B9A;
					};
					13B07F861A680F5B00A75B9A = {
						LastSwiftMigration = 1120;
					};
				};
			};
			buildConfigurationList = 83CBB9FA1A601CBA00E9B192 /* Build configuration list for PBXProject "circleiq" */;
			compatibilityVersion = "Xcode 12.0";
			developmentRegion = en;
			hasScannedForEncodings = 0;
			knownRegions = (
				en,
				Base,
			);
			mainGroup = 83CBB9F61A601CBA00E9B192;
			productRefGroup = 83CBBA001A601CBA00E9B192 /* Products */;
			projectDirPath = "";
			projectRoot = "";
			targets = (
				13B07F861A680F5B00A75B9A /* circleiq */,
				00E356ED1AD99517003FC87E /* circleiqTests */,
			);
		};
/* End PBXProject section */

/* Begin PBXResourcesBuildPhase section */
		00E356EC1AD99517003FC87E /* Resources */ = {
			isa = PBXResourcesBuildPhase;
			buildActionMask = 2147483647;
			files = (
			);
			runOnlyForDeploymentPostprocessing = 0;
		};
		13B07F8E1A680F5B00A75B9A /* Resources */ = {
			isa = PBXResourcesBuildPhase;
			buildActionMask = 2147483647;
			files = (
				81AB9BB82411601600AC10FF /* LaunchScreen.storyboard in Resources */,
				13B07FBF1A68108700A75B9A /* Images.xcassets in Resources */,
				C1F6330127595003000E37DF /* GoogleService-Info.plist in Resources */,
				908D63B1EE7A42F3A12137C4 /* DejaVuSans-Bold.ttf in Resources */,
				E7AF31B9A49848AABB1E0B30 /* DejaVuSans-BoldOblique.ttf in Resources */,
				2C83C6AF0B2A429FA81EFA90 /* DejaVuSans-ExtraLight.ttf in Resources */,
				CCD207A92FBD49A08708AAD4 /* DejaVuSans-Oblique.ttf in Resources */,
				A45707604DDA474682012B3D /* DejaVuSans.ttf in Resources */,
				BAE60B791D244BF29A790FE3 /* DejaVuSansCondensed-Bold.ttf in Resources */,
				3BD28B145CC5494AA18E7A77 /* DejaVuSansCondensed-BoldOblique.ttf in Resources */,
				8B364AEFE1E845A2A2BD2775 /* DejaVuSansCondensed-Oblique.ttf in Resources */,
				15257A7106054D92AFB3589A /* DejaVuSansCondensed.ttf in Resources */,
				F6BD62A500A3491D88369C45 /* Roboto-Black.ttf in Resources */,
				A1DB7095F7874DA4A7C5345A /* Roboto-BlackItalic.ttf in Resources */,
				E53F9D1CE2A1438997B1F660 /* Roboto-Bold.ttf in Resources */,
				1CD1B3D2B59D4B728A1B11A3 /* Roboto-BoldItalic.ttf in Resources */,
				81A835DD88694DD8B728F3E0 /* Roboto-Italic.ttf in Resources */,
				C111B74327398F1500E8AC82 /* Settings.bundle in Resources */,
				1409642E536B4240861389F8 /* Roboto-Light.ttf in Resources */,
				2188A12F41FA49A0A5AFCEAC /* Roboto-LightItalic.ttf in Resources */,
				7A46A00F138642EE9B305010 /* Roboto-Medium.ttf in Resources */,
				F39AE48937CF46549ECAC7E1 /* Roboto-MediumItalic.ttf in Resources */,
				25E57F7FC5944620B6DD19A7 /* Roboto-Regular.ttf in Resources */,
				79F3D8C5875C414AA9208EAA /* Roboto-Thin.ttf in Resources */,
				67680045A0534F458F21F71D /* Roboto-ThinItalic.ttf in Resources */,
			);
			runOnlyForDeploymentPostprocessing = 0;
		};
/* End PBXResourcesBuildPhase section */

/* Begin PBXShellScriptBuildPhase section */
		00DD1BFF1BD5951E006B06BC /* Bundle React Native code and images */ = {
			isa = PBXShellScriptBuildPhase;
			buildActionMask = 2147483647;
			files = (
			);
			inputPaths = (
			);
			name = "Bundle React Native code and images";
			outputPaths = (
			);
			runOnlyForDeploymentPostprocessing = 0;
			shellPath = /bin/sh;
			shellScript = "set -e\n\nexport NODE_BINARY=node\n../node_modules/react-native/scripts/react-native-xcode.sh\n";
		};
		055A2462443507A78804B042 /* [CP] Embed Pods Frameworks */ = {
			isa = PBXShellScriptBuildPhase;
			buildActionMask = 2147483647;
			files = (
			);
			inputFileListPaths = (
				"${PODS_ROOT}/Target Support Files/Pods-circleiq-circleiqTests/Pods-circleiq-circleiqTests-frameworks-${CONFIGURATION}-input-files.xcfilelist",
			);
			name = "[CP] Embed Pods Frameworks";
			outputFileListPaths = (
				"${PODS_ROOT}/Target Support Files/Pods-circleiq-circleiqTests/Pods-circleiq-circleiqTests-frameworks-${CONFIGURATION}-output-files.xcfilelist",
			);
			runOnlyForDeploymentPostprocessing = 0;
			shellPath = /bin/sh;
			shellScript = "\"${PODS_ROOT}/Target Support Files/Pods-circleiq-circleiqTests/Pods-circleiq-circleiqTests-frameworks.sh\"\n";
			showEnvVarsInLog = 0;
		};
		1D3888B8E9181DD6F6D01B3A /* [CP] Copy Pods Resources */ = {
			isa = PBXShellScriptBuildPhase;
			buildActionMask = 2147483647;
			files = (
			);
			inputFileListPaths = (
				"${PODS_ROOT}/Target Support Files/Pods-circleiq/Pods-circleiq-resources-${CONFIGURATION}-input-files.xcfilelist",
			);
			name = "[CP] Copy Pods Resources";
			outputFileListPaths = (
				"${PODS_ROOT}/Target Support Files/Pods-circleiq/Pods-circleiq-resources-${CONFIGURATION}-output-files.xcfilelist",
			);
			runOnlyForDeploymentPostprocessing = 0;
			shellPath = /bin/sh;
			shellScript = "\"${PODS_ROOT}/Target Support Files/Pods-circleiq/Pods-circleiq-resources.sh\"\n";
			showEnvVarsInLog = 0;
		};
		233FCAA44E364100E08D7048 /* [CP] Embed Pods Frameworks */ = {
			isa = PBXShellScriptBuildPhase;
			buildActionMask = 2147483647;
			files = (
			);
			inputFileListPaths = (
				"${PODS_ROOT}/Target Support Files/Pods-circleiq/Pods-circleiq-frameworks-${CONFIGURATION}-input-files.xcfilelist",
			);
			name = "[CP] Embed Pods Frameworks";
			outputFileListPaths = (
				"${PODS_ROOT}/Target Support Files/Pods-circleiq/Pods-circleiq-frameworks-${CONFIGURATION}-output-files.xcfilelist",
			);
			runOnlyForDeploymentPostprocessing = 0;
			shellPath = /bin/sh;
			shellScript = "\"${PODS_ROOT}/Target Support Files/Pods-circleiq/Pods-circleiq-frameworks.sh\"\n";
			showEnvVarsInLog = 0;
		};
		803C8A89E06CB5A4E1AA2724 /* [CP] Copy Pods Resources */ = {
			isa = PBXShellScriptBuildPhase;
			buildActionMask = 2147483647;
			files = (
			);
			inputFileListPaths = (
				"${PODS_ROOT}/Target Support Files/Pods-circleiq-circleiqTests/Pods-circleiq-circleiqTests-resources-${CONFIGURATION}-input-files.xcfilelist",
			);
			name = "[CP] Copy Pods Resources";
			outputFileListPaths = (
				"${PODS_ROOT}/Target Support Files/Pods-circleiq-circleiqTests/Pods-circleiq-circleiqTests-resources-${CONFIGURATION}-output-files.xcfilelist",
			);
			runOnlyForDeploymentPostprocessing = 0;
			shellPath = /bin/sh;
			shellScript = "\"${PODS_ROOT}/Target Support Files/Pods-circleiq-circleiqTests/Pods-circleiq-circleiqTests-resources.sh\"\n";
			showEnvVarsInLog = 0;
		};
		DFDFC5AF270600DC9EF2D372 /* [CP] Check Pods Manifest.lock */ = {
			isa = PBXShellScriptBuildPhase;
			buildActionMask = 2147483647;
			files = (
			);
			inputFileListPaths = (
			);
			inputPaths = (
				"${PODS_PODFILE_DIR_PATH}/Podfile.lock",
				"${PODS_ROOT}/Manifest.lock",
			);
			name = "[CP] Check Pods Manifest.lock";
			outputFileListPaths = (
			);
			outputPaths = (
				"$(DERIVED_FILE_DIR)/Pods-circleiq-checkManifestLockResult.txt",
			);
			runOnlyForDeploymentPostprocessing = 0;
			shellPath = /bin/sh;
			shellScript = "diff \"${PODS_PODFILE_DIR_PATH}/Podfile.lock\" \"${PODS_ROOT}/Manifest.lock\" > /dev/null\nif [ $? != 0 ] ; then\n    # print error to STDERR\n    echo \"error: The sandbox is not in sync with the Podfile.lock. Run 'pod install' or update your CocoaPods installation.\" >&2\n    exit 1\nfi\n# This output is used by Xcode 'outputs' to avoid re-running this script phase.\necho \"SUCCESS\" > \"${SCRIPT_OUTPUT_FILE_0}\"\n";
			showEnvVarsInLog = 0;
		};
		FD10A7F022414F080027D42C /* Start Packager */ = {
			isa = PBXShellScriptBuildPhase;
			buildActionMask = 2147483647;
			files = (
			);
			inputFileListPaths = (
			);
			inputPaths = (
			);
			name = "Start Packager";
			outputFileListPaths = (
			);
			outputPaths = (
			);
			runOnlyForDeploymentPostprocessing = 0;
			shellPath = /bin/sh;
			shellScript = "export RCT_METRO_PORT=\"${RCT_METRO_PORT:=8081}\"\necho \"export RCT_METRO_PORT=${RCT_METRO_PORT}\" > \"${SRCROOT}/../node_modules/react-native/scripts/.packager.env\"\nif [ -z \"${RCT_NO_LAUNCH_PACKAGER+xxx}\" ] ; then\n  if nc -w 5 -z localhost ${RCT_METRO_PORT} ; then\n    if ! curl -s \"http://localhost:${RCT_METRO_PORT}/status\" | grep -q \"packager-status:running\" ; then\n      echo \"Port ${RCT_METRO_PORT} already in use, packager is either not running or not running correctly\"\n      exit 2\n    fi\n  else\n    open \"$SRCROOT/../node_modules/react-native/scripts/launchPackager.command\" || echo \"Can't start packager automatically\"\n  fi\nfi\n";
			showEnvVarsInLog = 0;
		};
		FD3295FB1DBA458C92D77F65 /* [CP] Check Pods Manifest.lock */ = {
			isa = PBXShellScriptBuildPhase;
			buildActionMask = 2147483647;
			files = (
			);
			inputFileListPaths = (
			);
			inputPaths = (
				"${PODS_PODFILE_DIR_PATH}/Podfile.lock",
				"${PODS_ROOT}/Manifest.lock",
			);
			name = "[CP] Check Pods Manifest.lock";
			outputFileListPaths = (
			);
			outputPaths = (
				"$(DERIVED_FILE_DIR)/Pods-circleiq-circleiqTests-checkManifestLockResult.txt",
			);
			runOnlyForDeploymentPostprocessing = 0;
			shellPath = /bin/sh;
			shellScript = "diff \"${PODS_PODFILE_DIR_PATH}/Podfile.lock\" \"${PODS_ROOT}/Manifest.lock\" > /dev/null\nif [ $? != 0 ] ; then\n    # print error to STDERR\n    echo \"error: The sandbox is not in sync with the Podfile.lock. Run 'pod install' or update your CocoaPods installation.\" >&2\n    exit 1\nfi\n# This output is used by Xcode 'outputs' to avoid re-running this script phase.\necho \"SUCCESS\" > \"${SCRIPT_OUTPUT_FILE_0}\"\n";
			showEnvVarsInLog = 0;
		};
/* End PBXShellScriptBuildPhase section */

/* Begin PBXSourcesBuildPhase section */
		00E356EA1AD99517003FC87E /* Sources */ = {
			isa = PBXSourcesBuildPhase;
			buildActionMask = 2147483647;
			files = (
				00E356F31AD99517003FC87E /* circleiqTests.m in Sources */,
			);
			runOnlyForDeploymentPostprocessing = 0;
		};
		13B07F871A680F5B00A75B9A /* Sources */ = {
			isa = PBXSourcesBuildPhase;
			buildActionMask = 2147483647;
			files = (
				13B07FBC1A68108700A75B9A /* AppDelegate.m in Sources */,
				13B07FC11A68108700A75B9A /* main.m in Sources */,
			);
			runOnlyForDeploymentPostprocessing = 0;
		};
/* End PBXSourcesBuildPhase section */

/* Begin PBXTargetDependency section */
		00E356F51AD99517003FC87E /* PBXTargetDependency */ = {
			isa = PBXTargetDependency;
			target = 13B07F861A680F5B00A75B9A /* circleiq */;
			targetProxy = 00E356F41AD99517003FC87E /* PBXContainerItemProxy */;
		};
/* End PBXTargetDependency section */

/* Begin XCBuildConfiguration section */
		00E356F61AD99517003FC87E /* Debug */ = {
			isa = XCBuildConfiguration;
			baseConfigurationReference = 4ADE42669A7E5A3830AD3543 /* Pods-circleiq-circleiqTests.debug.xcconfig */;
			buildSettings = {
				BUNDLE_LOADER = "$(TEST_HOST)";
				GCC_PREPROCESSOR_DEFINITIONS = (
					"DEBUG=1",
					"$(inherited)",
				);
				INFOPLIST_FILE = circleiqTests/Info.plist;
				IPHONEOS_DEPLOYMENT_TARGET = 11.0;
				LD_RUNPATH_SEARCH_PATHS = (
					"$(inherited)",
					"@executable_path/Frameworks",
					"@loader_path/Frameworks",
				);
				OTHER_LDFLAGS = (
					"-ObjC",
					"-lc++",
					"$(inherited)",
				);
				PRODUCT_BUNDLE_IDENTIFIER = "org.reactjs.native.example.$(PRODUCT_NAME:rfc1034identifier)";
				PRODUCT_NAME = "$(TARGET_NAME)";
				TEST_HOST = "$(BUILT_PRODUCTS_DIR)/circleiq.app/circleiq";
			};
			name = Debug;
		};
		00E356F71AD99517003FC87E /* Release */ = {
			isa = XCBuildConfiguration;
			baseConfigurationReference = 18682C78D6DE93B9E2912A4A /* Pods-circleiq-circleiqTests.release.xcconfig */;
			buildSettings = {
				BUNDLE_LOADER = "$(TEST_HOST)";
				COPY_PHASE_STRIP = NO;
				INFOPLIST_FILE = circleiqTests/Info.plist;
				IPHONEOS_DEPLOYMENT_TARGET = 11.0;
				LD_RUNPATH_SEARCH_PATHS = (
					"$(inherited)",
					"@executable_path/Frameworks",
					"@loader_path/Frameworks",
				);
				OTHER_LDFLAGS = (
					"-ObjC",
					"-lc++",
					"$(inherited)",
				);
				PRODUCT_BUNDLE_IDENTIFIER = "org.reactjs.native.example.$(PRODUCT_NAME:rfc1034identifier)";
				PRODUCT_NAME = "$(TARGET_NAME)";
				TEST_HOST = "$(BUILT_PRODUCTS_DIR)/circleiq.app/circleiq";
			};
			name = Release;
		};
		13B07F941A680F5B00A75B9A /* Debug */ = {
			isa = XCBuildConfiguration;
			baseConfigurationReference = 8FA31010079E34B33F66FAED /* Pods-circleiq.debug.xcconfig */;
			buildSettings = {
				ASSETCATALOG_COMPILER_APPICON_NAME = AppIcon;
				CLANG_ENABLE_MODULES = YES;
				CURRENT_PROJECT_VERSION = 29;
				DEVELOPMENT_TEAM = F88V7Q9XUW;
				ENABLE_BITCODE = NO;
				EXCLUDED_ARCHS = "";
				INFOPLIST_FILE = circleiq/Info.plist;
				LD_RUNPATH_SEARCH_PATHS = (
					"$(inherited)",
					"@executable_path/Frameworks",
				);
				MARKETING_VERSION = 1.7.2;
				OTHER_LDFLAGS = (
					"$(inherited)",
					"-ObjC",
					"-lc++",
				);
				PRODUCT_BUNDLE_IDENTIFIER = com.circleiq.ios;
				PRODUCT_NAME = circleiq;
				SWIFT_OPTIMIZATION_LEVEL = "-Onone";
				SWIFT_VERSION = 5.0;
				VERSIONING_SYSTEM = "apple-generic";
			};
			name = Debug;
		};
		13B07F951A680F5B00A75B9A /* Release */ = {
			isa = XCBuildConfiguration;
			baseConfigurationReference = 01BF5B1BFED1C3E514725971 /* Pods-circleiq.release.xcconfig */;
			buildSettings = {
				ASSETCATALOG_COMPILER_APPICON_NAME = AppIcon;
				CLANG_ENABLE_MODULES = YES;
				CURRENT_PROJECT_VERSION = 29;
				DEVELOPMENT_TEAM = F88V7Q9XUW;
				INFOPLIST_FILE = circleiq/Info.plist;
				LD_RUNPATH_SEARCH_PATHS = (
					"$(inherited)",
					"@executable_path/Frameworks",
				);
				MARKETING_VERSION = 1.7.2;
				OTHER_LDFLAGS = (
					"$(inherited)",
					"-ObjC",
					"-lc++",
				);
				PRODUCT_BUNDLE_IDENTIFIER = com.circleiq.ios;
				PRODUCT_NAME = circleiq;
				SWIFT_VERSION = 5.0;
				VERSIONING_SYSTEM = "apple-generic";
			};
			name = Release;
		};
		83CBBA201A601CBA00E9B192 /* Debug */ = {
			isa = XCBuildConfiguration;
			buildSettings = {
				ALWAYS_SEARCH_USER_PATHS = NO;
				CLANG_ANALYZER_LOCALIZABILITY_NONLOCALIZED = YES;
				CLANG_CXX_LANGUAGE_STANDARD = "gnu++0x";
				CLANG_CXX_LIBRARY = "libc++";
				CLANG_ENABLE_MODULES = YES;
				CLANG_ENABLE_OBJC_ARC = YES;
				CLANG_WARN_BLOCK_CAPTURE_AUTORELEASING = YES;
				CLANG_WARN_BOOL_CONVERSION = YES;
				CLANG_WARN_COMMA = YES;
				CLANG_WARN_CONSTANT_CONVERSION = YES;
				CLANG_WARN_DEPRECATED_OBJC_IMPLEMENTATIONS = YES;
				CLANG_WARN_DIRECT_OBJC_ISA_USAGE = YES_ERROR;
				CLANG_WARN_EMPTY_BODY = YES;
				CLANG_WARN_ENUM_CONVERSION = YES;
				CLANG_WARN_INFINITE_RECURSION = YES;
				CLANG_WARN_INT_CONVERSION = YES;
				CLANG_WARN_NON_LITERAL_NULL_CONVERSION = YES;
				CLANG_WARN_OBJC_IMPLICIT_RETAIN_SELF = YES;
				CLANG_WARN_OBJC_LITERAL_CONVERSION = YES;
				CLANG_WARN_OBJC_ROOT_CLASS = YES_ERROR;
				CLANG_WARN_QUOTED_INCLUDE_IN_FRAMEWORK_HEADER = YES;
				CLANG_WARN_RANGE_LOOP_ANALYSIS = YES;
				CLANG_WARN_STRICT_PROTOTYPES = YES;
				CLANG_WARN_SUSPICIOUS_MOVE = YES;
				CLANG_WARN_UNREACHABLE_CODE = YES;
				CLANG_WARN__DUPLICATE_METHOD_MATCH = YES;
				"CODE_SIGN_IDENTITY[sdk=iphoneos*]" = "iPhone Developer";
				COPY_PHASE_STRIP = NO;
				ENABLE_STRICT_OBJC_MSGSEND = YES;
				ENABLE_TESTABILITY = YES;
				"EXCLUDED_ARCHS[sdk=iphonesimulator*]" = "arm64 ";
				GCC_C_LANGUAGE_STANDARD = gnu99;
				GCC_DYNAMIC_NO_PIC = NO;
				GCC_NO_COMMON_BLOCKS = YES;
				GCC_OPTIMIZATION_LEVEL = 0;
				GCC_PREPROCESSOR_DEFINITIONS = (
					"DEBUG=1",
					"$(inherited)",
				);
				GCC_SYMBOLS_PRIVATE_EXTERN = NO;
				GCC_WARN_64_TO_32_BIT_CONVERSION = YES;
				GCC_WARN_ABOUT_RETURN_TYPE = YES_ERROR;
				GCC_WARN_UNDECLARED_SELECTOR = YES;
				GCC_WARN_UNINITIALIZED_AUTOS = YES_AGGRESSIVE;
				GCC_WARN_UNUSED_FUNCTION = YES;
				GCC_WARN_UNUSED_VARIABLE = YES;
				IPHONEOS_DEPLOYMENT_TARGET = 11.0;
				LD_RUNPATH_SEARCH_PATHS = (
					/usr/lib/swift,
					"$(inherited)",
				);
				LIBRARY_SEARCH_PATHS = (
					"\"$(SDKROOT)/usr/lib/swift\"",
					"\"$(TOOLCHAIN_DIR)/usr/lib/swift/$(PLATFORM_NAME)\"",
					"\"$(TOOLCHAIN_DIR)/usr/lib/swift-5.0/$(PLATFORM_NAME)\"",
					"\"$(inherited)\"",
				);
				MTL_ENABLE_DEBUG_INFO = YES;
				ONLY_ACTIVE_ARCH = YES;
				SDKROOT = iphoneos;
			};
			name = Debug;
		};
		83CBBA211A601CBA00E9B192 /* Release */ = {
			isa = XCBuildConfiguration;
			buildSettings = {
				ALWAYS_SEARCH_USER_PATHS = NO;
				CLANG_ANALYZER_LOCALIZABILITY_NONLOCALIZED = YES;
				CLANG_CXX_LANGUAGE_STANDARD = "gnu++0x";
				CLANG_CXX_LIBRARY = "libc++";
				CLANG_ENABLE_MODULES = YES;
				CLANG_ENABLE_OBJC_ARC = YES;
				CLANG_WARN_BLOCK_CAPTURE_AUTORELEASING = YES;
				CLANG_WARN_BOOL_CONVERSION = YES;
				CLANG_WARN_COMMA = YES;
				CLANG_WARN_CONSTANT_CONVERSION = YES;
				CLANG_WARN_DEPRECATED_OBJC_IMPLEMENTATIONS = YES;
				CLANG_WARN_DIRECT_OBJC_ISA_USAGE = YES_ERROR;
				CLANG_WARN_EMPTY_BODY = YES;
				CLANG_WARN_ENUM_CONVERSION = YES;
				CLANG_WARN_INFINITE_RECURSION = YES;
				CLANG_WARN_INT_CONVERSION = YES;
				CLANG_WARN_NON_LITERAL_NULL_CONVERSION = YES;
				CLANG_WARN_OBJC_IMPLICIT_RETAIN_SELF = YES;
				CLANG_WARN_OBJC_LITERAL_CONVERSION = YES;
				CLANG_WARN_OBJC_ROOT_CLASS = YES_ERROR;
				CLANG_WARN_QUOTED_INCLUDE_IN_FRAMEWORK_HEADER = YES;
				CLANG_WARN_RANGE_LOOP_ANALYSIS = YES;
				CLANG_WARN_STRICT_PROTOTYPES = YES;
				CLANG_WARN_SUSPICIOUS_MOVE = YES;
				CLANG_WARN_UNREACHABLE_CODE = YES;
				CLANG_WARN__DUPLICATE_METHOD_MATCH = YES;
				"CODE_SIGN_IDENTITY[sdk=iphoneos*]" = "iPhone Developer";
				COPY_PHASE_STRIP = YES;
				ENABLE_NS_ASSERTIONS = NO;
				ENABLE_STRICT_OBJC_MSGSEND = YES;
				"EXCLUDED_ARCHS[sdk=iphonesimulator*]" = "arm64 ";
				GCC_C_LANGUAGE_STANDARD = gnu99;
				GCC_NO_COMMON_BLOCKS = YES;
				GCC_WARN_64_TO_32_BIT_CONVERSION = YES;
				GCC_WARN_ABOUT_RETURN_TYPE = YES_ERROR;
				GCC_WARN_UNDECLARED_SELECTOR = YES;
				GCC_WARN_UNINITIALIZED_AUTOS = YES_AGGRESSIVE;
				GCC_WARN_UNUSED_FUNCTION = YES;
				GCC_WARN_UNUSED_VARIABLE = YES;
				IPHONEOS_DEPLOYMENT_TARGET = 11.0;
				LD_RUNPATH_SEARCH_PATHS = (
					/usr/lib/swift,
					"$(inherited)",
				);
				LIBRARY_SEARCH_PATHS = (
					"\"$(SDKROOT)/usr/lib/swift\"",
					"\"$(TOOLCHAIN_DIR)/usr/lib/swift/$(PLATFORM_NAME)\"",
					"\"$(TOOLCHAIN_DIR)/usr/lib/swift-5.0/$(PLATFORM_NAME)\"",
					"\"$(inherited)\"",
				);
				MTL_ENABLE_DEBUG_INFO = NO;
				SDKROOT = iphoneos;
				VALIDATE_PRODUCT = YES;
			};
			name = Release;
		};
/* End XCBuildConfiguration section */

/* Begin XCConfigurationList section */
		00E357021AD99517003FC87E /* Build configuration list for PBXNativeTarget "circleiqTests" */ = {
			isa = XCConfigurationList;
			buildConfigurations = (
				00E356F61AD99517003FC87E /* Debug */,
				00E356F71AD99517003FC87E /* Release */,
			);
			defaultConfigurationIsVisible = 0;
			defaultConfigurationName = Release;
		};
		13B07F931A680F5B00A75B9A /* Build configuration list for PBXNativeTarget "circleiq" */ = {
			isa = XCConfigurationList;
			buildConfigurations = (
				13B07F941A680F5B00A75B9A /* Debug */,
				13B07F951A680F5B00A75B9A /* Release */,
			);
			defaultConfigurationIsVisible = 0;
			defaultConfigurationName = Release;
		};
		83CBB9FA1A601CBA00E9B192 /* Build configuration list for PBXProject "circleiq" */ = {
			isa = XCConfigurationList;
			buildConfigurations = (
				83CBBA201A601CBA00E9B192 /* Debug */,
				83CBBA211A601CBA00E9B192 /* Release */,
			);
			defaultConfigurationIsVisible = 0;
			defaultConfigurationName = Release;
		};
/* End XCConfigurationList section */
	};
	rootObject = 83CBB9F71A601CBA00E9B192 /* Project object */;
}
